// !$*UTF8*$!
{
	archiveVersion = 1;
	classes = {
	};
	objectVersion = 46;
	objects = {

/* Begin PBXBuildFile section */
		2C2D03DA1B69C0EE003DA71B /* AppDelegate.swift in Sources */ = {isa = PBXBuildFile; fileRef = 2C2D03D91B69C0EE003DA71B /* AppDelegate.swift */; };
		2C2D03DC1B69C0EE003DA71B /* ImagesViewController.swift in Sources */ = {isa = PBXBuildFile; fileRef = 2C2D03DB1B69C0EE003DA71B /* ImagesViewController.swift */; };
		2C2D03DF1B69C0EE003DA71B /* Main.storyboard in Resources */ = {isa = PBXBuildFile; fileRef = 2C2D03DD1B69C0EE003DA71B /* Main.storyboard */; };
		2C2D03E11B69C0EE003DA71B /* Assets.xcassets in Resources */ = {isa = PBXBuildFile; fileRef = 2C2D03E01B69C0EE003DA71B /* Assets.xcassets */; };
		2C2D03E41B69C0EE003DA71B /* LaunchScreen.storyboard in Resources */ = {isa = PBXBuildFile; fileRef = 2C2D03E21B69C0EE003DA71B /* LaunchScreen.storyboard */; };
/* End PBXBuildFile section */

/* Begin PBXFileReference section */
		2C2D03D61B69C0EE003DA71B /* TripAdvisorDemo.app */ = {isa = PBXFileReference; explicitFileType = wrapper.application; includeInIndex = 0; path = TripAdvisorDemo.app; sourceTree = BUILT_PRODUCTS_DIR; };
		2C2D03D91B69C0EE003DA71B /* AppDelegate.swift */ = {isa = PBXFileReference; lastKnownFileType = sourcecode.swift; path = AppDelegate.swift; sourceTree = "<group>"; };
		2C2D03DB1B69C0EE003DA71B /* ImagesViewController.swift */ = {isa = PBXFileReference; lastKnownFileType = sourcecode.swift; path = ImagesViewController.swift; sourceTree = "<group>"; };
		2C2D03DE1B69C0EE003DA71B /* Base */ = {isa = PBXFileReference; lastKnownFileType = file.storyboard; name = Base; path = Base.lproj/Main.storyboard; sourceTree = "<group>"; };
		2C2D03E01B69C0EE003DA71B /* Assets.xcassets */ = {isa = PBXFileReference; lastKnownFileType = folder.assetcatalog; path = Assets.xcassets; sourceTree = "<group>"; };
		2C2D03E31B69C0EE003DA71B /* Base */ = {isa = PBXFileReference; lastKnownFileType = file.storyboard; name = Base; path = Base.lproj/LaunchScreen.storyboard; sourceTree = "<group>"; };
		2C2D03E51B69C0EE003DA71B /* Info.plist */ = {isa = PBXFileReference; lastKnownFileType = text.plist.xml; path = Info.plist; sourceTree = "<group>"; };
/* End PBXFileReference section */

/* Begin PBXFrameworksBuildPhase section */
		2C2D03D31B69C0EE003DA71B /* Frameworks */ = {
			isa = PBXFrameworksBuildPhase;
			buildActionMask = 2147483647;
			files = (
			);
			runOnlyForDeploymentPostprocessing = 0;
		};
/* End PBXFrameworksBuildPhase section */

/* Begin PBXGroup section */
		2C2D03CD1B69C0EE003DA71B = {
			isa = PBXGroup;
			children = (
				2C2D03D81B69C0EE003DA71B /* TripAdvisorDemo */,
				2C2D03D71B69C0EE003DA71B /* Products */,
			);
			sourceTree = "<group>";
		};
		2C2D03D71B69C0EE003DA71B /* Products */ = {
			isa = PBXGroup;
			children = (
				2C2D03D61B69C0EE003DA71B /* TripAdvisorDemo.app */,
			);
			name = Products;
			sourceTree = "<group>";
		};
		2C2D03D81B69C0EE003DA71B /* TripAdvisorDemo */ = {
			isa = PBXGroup;
			children = (
				2C2D03D91B69C0EE003DA71B /* AppDelegate.swift */,
				2C2D03DB1B69C0EE003DA71B /* ImagesViewController.swift */,
				2C2D03DD1B69C0EE003DA71B /* Main.storyboard */,
				2C2D03E01B69C0EE003DA71B /* Assets.xcassets */,
				2C2D03E21B69C0EE003DA71B /* LaunchScreen.storyboard */,
				2C2D03E51B69C0EE003DA71B /* Info.plist */,
			);
			path = TripAdvisorDemo;
			sourceTree = "<group>";
		};
/* End PBXGroup section */

/* Begin PBXNativeTarget section */
		2C2D03D51B69C0EE003DA71B /* TripAdvisorDemo */ = {
			isa = PBXNativeTarget;
			buildConfigurationList = 2C2D03E81B69C0EE003DA71B /* Build configuration list for PBXNativeTarget "TripAdvisorDemo" */;
			buildPhases = (
				2C2D03D21B69C0EE003DA71B /* Sources */,
				2C2D03D31B69C0EE003DA71B /* Frameworks */,
				2C2D03D41B69C0EE003DA71B /* Resources */,
			);
			buildRules = (
			);
			dependencies = (
			);
			name = TripAdvisorDemo;
			productName = TripAdvisorDemo;
			productReference = 2C2D03D61B69C0EE003DA71B /* TripAdvisorDemo.app */;
			productType = "com.apple.product-type.application";
		};
/* End PBXNativeTarget section */

/* Begin PBXProject section */
		2C2D03CE1B69C0EE003DA71B /* Project object */ = {
			isa = PBXProject;
			attributes = {
				LastUpgradeCheck = 0700;
				ORGANIZATIONNAME = "Blake Skinner";
				TargetAttributes = {
					2C2D03D51B69C0EE003DA71B = {
						CreatedOnToolsVersion = 7.0;
					};
				};
			};
			buildConfigurationList = 2C2D03D11B69C0EE003DA71B /* Build configuration list for PBXProject "TripAdvisorDemo" */;
			compatibilityVersion = "Xcode 3.2";
			developmentRegion = English;
			hasScannedForEncodings = 0;
			knownRegions = (
				en,
				Base,
			);
			mainGroup = 2C2D03CD1B69C0EE003DA71B;
			productRefGroup = 2C2D03D71B69C0EE003DA71B /* Products */;
			projectDirPath = "";
			projectRoot = "";
			targets = (
				2C2D03D51B69C0EE003DA71B /* TripAdvisorDemo */,
			);
		};
/* End PBXProject section */

/* Begin PBXResourcesBuildPhase section */
		2C2D03D41B69C0EE003DA71B /* Resources */ = {
			isa = PBXResourcesBuildPhase;
			buildActionMask = 2147483647;
			files = (
				2C2D03E41B69C0EE003DA71B /* LaunchScreen.storyboard in Resources */,
				2C2D03E11B69C0EE003DA71B /* Assets.xcassets in Resources */,
				2C2D03DF1B69C0EE003DA71B /* Main.storyboard in Resources */,
			);
			runOnlyForDeploymentPostprocessing = 0;
		};
/* End PBXResourcesBuildPhase section */

/* Begin PBXSourcesBuildPhase section */
		2C2D03D21B69C0EE003DA71B /* Sources */ = {
			isa = PBXSourcesBuildPhase;
			buildActionMask = 2147483647;
			files = (
				2C2D03DC1B69C0EE003DA71B /* ImagesViewController.swift in Sources */,
				2C2D03DA1B69C0EE003DA71B /* AppDelegate.swift in Sources */,
			);
			runOnlyForDeploymentPostprocessing = 0;
		};
/* End PBXSourcesBuildPhase section */

/* Begin PBXVariantGroup section */
		2C2D03DD1B69C0EE003DA71B /* Main.storyboard */ = {
			isa = PBXVariantGroup;
			children = (
				2C2D03DE1B69C0EE003DA71B /* Base */,
			);
			name = Main.storyboard;
			sourceTree = "<group>";
		};
		2C2D03E21B69C0EE003DA71B /* LaunchScreen.storyboard */ = {
			isa = PBXVariantGroup;
			children = (
				2C2D03E31B69C0EE003DA71B /* Base */,
			);
			name = LaunchScreen.storyboard;
			sourceTree = "<group>";
		};
/* End PBXVariantGroup section */

/* Begin XCBuildConfiguration section */
		2C2D03E61B69C0EE003DA71B /* Debug */ = {
			isa = XCBuildConfiguration;
			buildSettings = {
				ALWAYS_SEARCH_USER_PATHS = NO;
				CLANG_CXX_LANGUAGE_STANDARD = "gnu++0x";
				CLANG_CXX_LIBRARY = "libc++";
				CLANG_ENABLE_MODULES = YES;
				CLANG_ENABLE_OBJC_ARC = YES;
				CLANG_WARN_BOOL_CONVERSION = YES;
				CLANG_WARN_CONSTANT_CONVERSION = YES;
				CLANG_WARN_DIRECT_OBJC_ISA_USAGE = YES_ERROR;
				CLANG_WARN_EMPTY_BODY = YES;
				CLANG_WARN_ENUM_CONVERSION = YES;
				CLANG_WARN_INT_CONVERSION = YES;
				CLANG_WARN_OBJC_ROOT_CLASS = YES_ERROR;
				CLANG_WARN_UNREACHABLE_CODE = YES;
				CLANG_WARN__DUPLICATE_METHOD_MATCH = YES;
				"CODE_SIGN_IDENTITY[sdk=iphoneos*]" = "iPhone Developer";
				COPY_PHASE_STRIP = NO;
				DEBUG_INFORMATION_FORMAT = dwarf;
				ENABLE_STRICT_OBJC_MSGSEND = YES;
				ENABLE_TESTABILITY = YES;
				GCC_C_LANGUAGE_STANDARD = gnu99;
				GCC_DYNAMIC_NO_PIC = NO;
				GCC_NO_COMMON_BLOCKS = YES;
				GCC_OPTIMIZATION_LEVEL = 0;
				GCC_PREPROCESSOR_DEFINITIONS = (
					"DEBUG=1",
					"$(inherited)",
				);
				GCC_WARN_64_TO_32_BIT_CONVERSION = YES;
				GCC_WARN_ABOUT_RETURN_TYPE = YES_ERROR;
				GCC_WARN_UNDECLARED_SELECTOR = YES;
				GCC_WARN_UNINITIALIZED_AUTOS = YES_AGGRESSIVE;
				GCC_WARN_UNUSED_FUNCTION = YES;
				GCC_WARN_UNUSED_VARIABLE = YES;
				IPHONEOS_DEPLOYMENT_TARGET = 9.0;
				MTL_ENABLE_DEBUG_INFO = YES;
				ONLY_ACTIVE_ARCH = YES;
				SDKROOT = iphoneos;
				SWIFT_OPTIMIZATION_LEVEL = "-Onone";
				TARGETED_DEVICE_FAMILY = 2;
			};
			name = Debug;
		};
		2C2D03E71B69C0EE003DA71B /* Release */ = {
			isa = XCBuildConfiguration;
			buildSettings = {
				ALWAYS_SEARCH_USER_PATHS = NO;
				CLANG_CXX_LANGUAGE_STANDARD = "gnu++0x";
				CLANG_CXX_LIBRARY = "libc++";
				CLANG_ENABLE_MODULES = YES;
				CLANG_ENABLE_OBJC_ARC = YES;
				CLANG_WARN_BOOL_CONVERSION = YES;
				CLANG_WARN_CONSTANT_CONVERSION = YES;
				CLANG_WARN_DIRECT_OBJC_ISA_USAGE = YES_ERROR;
				CLANG_WARN_EMPTY_BODY = YES;
				CLANG_WARN_ENUM_CONVERSION = YES;
				CLANG_WARN_INT_CONVERSION = YES;
				CLANG_WARN_OBJC_ROOT_CLASS = YES_ERROR;
				CLANG_WARN_UNREACHABLE_CODE = YES;
				CLANG_WARN__DUPLICATE_METHOD_MATCH = YES;
				"CODE_SIGN_IDENTITY[sdk=iphoneos*]" = "iPhone Developer";
				COPY_PHASE_STRIP = NO;
				DEBUG_INFORMATION_FORMAT = "dwarf-with-dsym";
				ENABLE_NS_ASSERTIONS = NO;
				ENABLE_STRICT_OBJC_MSGSEND = YES;
				GCC_C_LANGUAGE_STANDARD = gnu99;
				GCC_NO_COMMON_BLOCKS = YES;
				GCC_WARN_64_TO_32_BIT_CONVERSION = YES;
				GCC_WARN_ABOUT_RETURN_TYPE = YES_ERROR;
				GCC_WARN_UNDECLARED_SELECTOR = YES;
				GCC_WARN_UNINITIALIZED_AUTOS = YES_AGGRESSIVE;
				GCC_WARN_UNUSED_FUNCTION = YES;
				GCC_WARN_UNUSED_VARIABLE = YES;
				IPHONEOS_DEPLOYMENT_TARGET = 9.0;
				MTL_ENABLE_DEBUG_INFO = NO;
				SDKROOT = iphoneos;
				TARGETED_DEVICE_FAMILY = 2;
				VALIDATE_PRODUCT = YES;
			};
			name = Release;
		};
		2C2D03E91B69C0EE003DA71B /* Debug */ = {
			isa = XCBuildConfiguration;
			buildSettings = {
				ASSETCATALOG_COMPILER_APPICON_NAME = AppIcon;
				INFOPLIST_FILE = TripAdvisorDemo/Info.plist;
				LD_RUNPATH_SEARCH_PATHS = "$(inherited) @executable_path/Frameworks";
				PRODUCT_BUNDLE_IDENTIFIER = org.chaoticminds.TripAdvisorDemo;
				PRODUCT_NAME = "$(TARGET_NAME)";
			};
			name = Debug;
		};
		2C2D03EA1B69C0EE003DA71B /* Release */ = {
			isa = XCBuildConfiguration;
			buildSettings = {
				ASSETCATALOG_COMPILER_APPICON_NAME = AppIcon;
				INFOPLIST_FILE = TripAdvisorDemo/Info.plist;
				LD_RUNPATH_SEARCH_PATHS = "$(inherited) @executable_path/Frameworks";
				PRODUCT_BUNDLE_IDENTIFIER = org.chaoticminds.TripAdvisorDemo;
				PRODUCT_NAME = "$(TARGET_NAME)";
			};
			name = Release;
		};
/* End XCBuildConfiguration section */

/* Begin XCConfigurationList section */
		2C2D03D11B69C0EE003DA71B /* Build configuration list for PBXProject "TripAdvisorDemo" */ = {
			isa = XCConfigurationList;
			buildConfigurations = (
				2C2D03E61B69C0EE003DA71B /* Debug */,
				2C2D03E71B69C0EE003DA71B /* Release */,
			);
			defaultConfigurationIsVisible = 0;
			defaultConfigurationName = Release;
		};
		2C2D03E81B69C0EE003DA71B /* Build configuration list for PBXNativeTarget "TripAdvisorDemo" */ = {
			isa = XCConfigurationList;
			buildConfigurations = (
				2C2D03E91B69C0EE003DA71B /* Debug */,
				2C2D03EA1B69C0EE003DA71B /* Release */,
			);
			defaultConfigurationIsVisible = 0;
		};
/* End XCConfigurationList section */
	};
	rootObject = 2C2D03CE1B69C0EE003DA71B /* Project object */;
}
